// !$*UTF8*$!
{
	archiveVersion = 1;
	classes = {
	};
	objectVersion = 50;
	objects = {

/* Begin PBXBuildFile section */
		920C4C5C21A5553300E96133 /* MapViewController.swift in Sources */ = {isa = PBXBuildFile; fileRef = 920C4C5B21A5553300E96133 /* MapViewController.swift */; };
		921ECBF021A54D1C005C3302 /* AppDelegate.swift in Sources */ = {isa = PBXBuildFile; fileRef = 921ECBEF21A54D1C005C3302 /* AppDelegate.swift */; };
		921ECBF221A54D1C005C3302 /* ViewController.swift in Sources */ = {isa = PBXBuildFile; fileRef = 921ECBF121A54D1C005C3302 /* ViewController.swift */; };
		921ECBF521A54D1C005C3302 /* Main.storyboard in Resources */ = {isa = PBXBuildFile; fileRef = 921ECBF321A54D1C005C3302 /* Main.storyboard */; };
		921ECBF721A54D26005C3302 /* Assets.xcassets in Resources */ = {isa = PBXBuildFile; fileRef = 921ECBF621A54D26005C3302 /* Assets.xcassets */; };
		921ECBFA21A54D26005C3302 /* LaunchScreen.storyboard in Resources */ = {isa = PBXBuildFile; fileRef = 921ECBF821A54D26005C3302 /* LaunchScreen.storyboard */; };
		92393DDA21A62E280024A52C /* AMapFoundationKit.framework in Frameworks */ = {isa = PBXBuildFile; fileRef = 92393DD821A62E270024A52C /* AMapFoundationKit.framework */; };
		92393DDD21A62E620024A52C /* CoreLocation.framework in Frameworks */ = {isa = PBXBuildFile; fileRef = 92393DDC21A62E620024A52C /* CoreLocation.framework */; };
		92393DDF21A62E6E0024A52C /* SystemConfiguration.framework in Frameworks */ = {isa = PBXBuildFile; fileRef = 92393DDE21A62E6D0024A52C /* SystemConfiguration.framework */; };
		92393DE121A62EC80024A52C /* CoreTelephony.framework in Frameworks */ = {isa = PBXBuildFile; fileRef = 92393DE021A62EC80024A52C /* CoreTelephony.framework */; };
		92393DE321A62ED80024A52C /* libc++.tbd in Frameworks */ = {isa = PBXBuildFile; fileRef = 92393DE221A62ED80024A52C /* libc++.tbd */; };
		92393DE521A62EE00024A52C /* libz.tbd in Frameworks */ = {isa = PBXBuildFile; fileRef = 92393DE421A62EE00024A52C /* libz.tbd */; };
		92393DE721A62FF00024A52C /* MAMapKit.framework in Frameworks */ = {isa = PBXBuildFile; fileRef = 92393DE621A62FEF0024A52C /* MAMapKit.framework */; };
		92393DE921A6300F0024A52C /* AMap.bundle in Resources */ = {isa = PBXBuildFile; fileRef = 92393DE821A6300F0024A52C /* AMap.bundle */; };
		92393DEE21A63E120024A52C /* GLKit.framework in Frameworks */ = {isa = PBXBuildFile; fileRef = 92393DED21A63E120024A52C /* GLKit.framework */; };
		92393DF021A63E200024A52C /* Security.framework in Frameworks */ = {isa = PBXBuildFile; fileRef = 92393DEF21A63E1F0024A52C /* Security.framework */; };
/* End PBXBuildFile section */

/* Begin PBXFileReference section */
		920C4C5B21A5553300E96133 /* MapViewController.swift */ = {isa = PBXFileReference; lastKnownFileType = sourcecode.swift; path = MapViewController.swift; sourceTree = "<group>"; };
		921ECBEC21A54D1C005C3302 /* MoeGirlsGo.app */ = {isa = PBXFileReference; explicitFileType = wrapper.application; includeInIndex = 0; path = MoeGirlsGo.app; sourceTree = BUILT_PRODUCTS_DIR; };
		921ECBEF21A54D1C005C3302 /* AppDelegate.swift */ = {isa = PBXFileReference; lastKnownFileType = sourcecode.swift; path = AppDelegate.swift; sourceTree = "<group>"; };
		921ECBF121A54D1C005C3302 /* ViewController.swift */ = {isa = PBXFileReference; lastKnownFileType = sourcecode.swift; path = ViewController.swift; sourceTree = "<group>"; };
		921ECBF421A54D1C005C3302 /* Base */ = {isa = PBXFileReference; lastKnownFileType = file.storyboard; name = Base; path = Base.lproj/Main.storyboard; sourceTree = "<group>"; };
		921ECBF621A54D26005C3302 /* Assets.xcassets */ = {isa = PBXFileReference; lastKnownFileType = folder.assetcatalog; path = Assets.xcassets; sourceTree = "<group>"; };
		921ECBF921A54D26005C3302 /* Base */ = {isa = PBXFileReference; lastKnownFileType = file.storyboard; name = Base; path = Base.lproj/LaunchScreen.storyboard; sourceTree = "<group>"; };
		921ECBFB21A54D26005C3302 /* Info.plist */ = {isa = PBXFileReference; lastKnownFileType = text.plist.xml; path = Info.plist; sourceTree = "<group>"; };
		92393DD821A62E270024A52C /* AMapFoundationKit.framework */ = {isa = PBXFileReference; lastKnownFileType = wrapper.framework; path = AMapFoundationKit.framework; sourceTree = "<group>"; };
		92393DDC21A62E620024A52C /* CoreLocation.framework */ = {isa = PBXFileReference; lastKnownFileType = wrapper.framework; name = CoreLocation.framework; path = System/Library/Frameworks/CoreLocation.framework; sourceTree = SDKROOT; };
		92393DDE21A62E6D0024A52C /* SystemConfiguration.framework */ = {isa = PBXFileReference; lastKnownFileType = wrapper.framework; name = SystemConfiguration.framework; path = System/Library/Frameworks/SystemConfiguration.framework; sourceTree = SDKROOT; };
		92393DE021A62EC80024A52C /* CoreTelephony.framework */ = {isa = PBXFileReference; lastKnownFileType = wrapper.framework; name = CoreTelephony.framework; path = System/Library/Frameworks/CoreTelephony.framework; sourceTree = SDKROOT; };
		92393DE221A62ED80024A52C /* libc++.tbd */ = {isa = PBXFileReference; lastKnownFileType = "sourcecode.text-based-dylib-definition"; name = "libc++.tbd"; path = "usr/lib/libc++.tbd"; sourceTree = SDKROOT; };
		92393DE421A62EE00024A52C /* libz.tbd */ = {isa = PBXFileReference; lastKnownFileType = "sourcecode.text-based-dylib-definition"; name = libz.tbd; path = usr/lib/libz.tbd; sourceTree = SDKROOT; };
		92393DE621A62FEF0024A52C /* MAMapKit.framework */ = {isa = PBXFileReference; lastKnownFileType = wrapper.framework; path = MAMapKit.framework; sourceTree = "<group>"; };
		92393DE821A6300F0024A52C /* AMap.bundle */ = {isa = PBXFileReference; lastKnownFileType = "wrapper.plug-in"; name = AMap.bundle; path = MAMapKit.framework/AMap.bundle; sourceTree = SOURCE_ROOT; };
		92393DEA21A631AC0024A52C /* MoeGirlsGo-Bridging-Header.h */ = {isa = PBXFileReference; lastKnownFileType = sourcecode.c.h; path = "MoeGirlsGo-Bridging-Header.h"; sourceTree = "<group>"; };
		92393DED21A63E120024A52C /* GLKit.framework */ = {isa = PBXFileReference; lastKnownFileType = wrapper.framework; name = GLKit.framework; path = System/Library/Frameworks/GLKit.framework; sourceTree = SDKROOT; };
		92393DEF21A63E1F0024A52C /* Security.framework */ = {isa = PBXFileReference; lastKnownFileType = wrapper.framework; name = Security.framework; path = System/Library/Frameworks/Security.framework; sourceTree = SDKROOT; };
/* End PBXFileReference section */

/* Begin PBXFrameworksBuildPhase section */
		921ECBE921A54D1C005C3302 /* Frameworks */ = {
			isa = PBXFrameworksBuildPhase;
			buildActionMask = 2147483647;
			files = (
				92393DE521A62EE00024A52C /* libz.tbd in Frameworks */,
				92393DE321A62ED80024A52C /* libc++.tbd in Frameworks */,
				92393DF021A63E200024A52C /* Security.framework in Frameworks */,
				92393DEE21A63E120024A52C /* GLKit.framework in Frameworks */,
				92393DE121A62EC80024A52C /* CoreTelephony.framework in Frameworks */,
				92393DDF21A62E6E0024A52C /* SystemConfiguration.framework in Frameworks */,
				92393DDD21A62E620024A52C /* CoreLocation.framework in Frameworks */,
				92393DDA21A62E280024A52C /* AMapFoundationKit.framework in Frameworks */,
				92393DE721A62FF00024A52C /* MAMapKit.framework in Frameworks */,
			);
			runOnlyForDeploymentPostprocessing = 0;
		};
/* End PBXFrameworksBuildPhase section */

/* Begin PBXGroup section */
		921ECBE321A54D1C005C3302 = {
			isa = PBXGroup;
			children = (
				921ECBEE21A54D1C005C3302 /* MoeGirlsGo */,
				921ECBED21A54D1C005C3302 /* Products */,
				92393DD721A62E260024A52C /* Frameworks */,
			);
			sourceTree = "<group>";
		};
		921ECBED21A54D1C005C3302 /* Products */ = {
			isa = PBXGroup;
			children = (
				921ECBEC21A54D1C005C3302 /* MoeGirlsGo.app */,
			);
			name = Products;
			sourceTree = "<group>";
		};
		921ECBEE21A54D1C005C3302 /* MoeGirlsGo */ = {
			isa = PBXGroup;
			children = (
				92393DE821A6300F0024A52C /* AMap.bundle */,
				921ECBEF21A54D1C005C3302 /* AppDelegate.swift */,
				921ECBF121A54D1C005C3302 /* ViewController.swift */,
				921ECBF321A54D1C005C3302 /* Main.storyboard */,
				921ECBF621A54D26005C3302 /* Assets.xcassets */,
				921ECBF821A54D26005C3302 /* LaunchScreen.storyboard */,
				921ECBFB21A54D26005C3302 /* Info.plist */,
				920C4C5B21A5553300E96133 /* MapViewController.swift */,
				92393DEA21A631AC0024A52C /* MoeGirlsGo-Bridging-Header.h */,
			);
			path = MoeGirlsGo;
			sourceTree = "<group>";
		};
		92393DD721A62E260024A52C /* Frameworks */ = {
			isa = PBXGroup;
			children = (
				92393DEF21A63E1F0024A52C /* Security.framework */,
				92393DED21A63E120024A52C /* GLKit.framework */,
				92393DE621A62FEF0024A52C /* MAMapKit.framework */,
				92393DE421A62EE00024A52C /* libz.tbd */,
				92393DE221A62ED80024A52C /* libc++.tbd */,
				92393DE021A62EC80024A52C /* CoreTelephony.framework */,
				92393DDE21A62E6D0024A52C /* SystemConfiguration.framework */,
				92393DDC21A62E620024A52C /* CoreLocation.framework */,
				92393DD821A62E270024A52C /* AMapFoundationKit.framework */,
			);
			name = Frameworks;
			sourceTree = "<group>";
		};
/* End PBXGroup section */

/* Begin PBXNativeTarget section */
		921ECBEB21A54D1C005C3302 /* MoeGirlsGo */ = {
			isa = PBXNativeTarget;
			buildConfigurationList = 921ECBFE21A54D26005C3302 /* Build configuration list for PBXNativeTarget "MoeGirlsGo" */;
			buildPhases = (
				921ECBE821A54D1C005C3302 /* Sources */,
				921ECBE921A54D1C005C3302 /* Frameworks */,
				921ECBEA21A54D1C005C3302 /* Resources */,
			);
			buildRules = (
			);
			dependencies = (
			);
			name = MoeGirlsGo;
			productName = MoeGirlsGo;
			productReference = 921ECBEC21A54D1C005C3302 /* MoeGirlsGo.app */;
			productType = "com.apple.product-type.application";
		};
/* End PBXNativeTarget section */

/* Begin PBXProject section */
		921ECBE421A54D1C005C3302 /* Project object */ = {
			isa = PBXProject;
			attributes = {
				LastSwiftUpdateCheck = 1010;
				LastUpgradeCheck = 1010;
				ORGANIZATIONNAME = AldebaRain;
				TargetAttributes = {
					921ECBEB21A54D1C005C3302 = {
						CreatedOnToolsVersion = 10.1;
						LastSwiftMigration = 1010;
					};
				};
			};
			buildConfigurationList = 921ECBE721A54D1C005C3302 /* Build configuration list for PBXProject "MoeGirlsGo" */;
			compatibilityVersion = "Xcode 9.3";
			developmentRegion = en;
			hasScannedForEncodings = 0;
			knownRegions = (
				en,
				Base,
			);
			mainGroup = 921ECBE321A54D1C005C3302;
			productRefGroup = 921ECBED21A54D1C005C3302 /* Products */;
			projectDirPath = "";
			projectRoot = "";
			targets = (
				921ECBEB21A54D1C005C3302 /* MoeGirlsGo */,
			);
		};
/* End PBXProject section */

/* Begin PBXResourcesBuildPhase section */
		921ECBEA21A54D1C005C3302 /* Resources */ = {
			isa = PBXResourcesBuildPhase;
			buildActionMask = 2147483647;
			files = (
				921ECBFA21A54D26005C3302 /* LaunchScreen.storyboard in Resources */,
				921ECBF721A54D26005C3302 /* Assets.xcassets in Resources */,
				92393DE921A6300F0024A52C /* AMap.bundle in Resources */,
				921ECBF521A54D1C005C3302 /* Main.storyboard in Resources */,
			);
			runOnlyForDeploymentPostprocessing = 0;
		};
/* End PBXResourcesBuildPhase section */

/* Begin PBXSourcesBuildPhase section */
		921ECBE821A54D1C005C3302 /* Sources */ = {
			isa = PBXSourcesBuildPhase;
			buildActionMask = 2147483647;
			files = (
				921ECBF221A54D1C005C3302 /* ViewController.swift in Sources */,
				920C4C5C21A5553300E96133 /* MapViewController.swift in Sources */,
				921ECBF021A54D1C005C3302 /* AppDelegate.swift in Sources */,
			);
			runOnlyForDeploymentPostprocessing = 0;
		};
/* End PBXSourcesBuildPhase section */

/* Begin PBXVariantGroup section */
		921ECBF321A54D1C005C3302 /* Main.storyboard */ = {
			isa = PBXVariantGroup;
			children = (
				921ECBF421A54D1C005C3302 /* Base */,
			);
			name = Main.storyboard;
			sourceTree = "<group>";
		};
		921ECBF821A54D26005C3302 /* LaunchScreen.storyboard */ = {
			isa = PBXVariantGroup;
			children = (
				921ECBF921A54D26005C3302 /* Base */,
			);
			name = LaunchScreen.storyboard;
			sourceTree = "<group>";
		};
/* End PBXVariantGroup section */

/* Begin XCBuildConfiguration section */
		921ECBFC21A54D26005C3302 /* Debug */ = {
			isa = XCBuildConfiguration;
			buildSettings = {
				ALWAYS_SEARCH_USER_PATHS = NO;
				CLANG_ANALYZER_NONNULL = YES;
				CLANG_ANALYZER_NUMBER_OBJECT_CONVERSION = YES_AGGRESSIVE;
				CLANG_CXX_LANGUAGE_STANDARD = "gnu++14";
				CLANG_CXX_LIBRARY = "libc++";
				CLANG_ENABLE_MODULES = YES;
				CLANG_ENABLE_OBJC_ARC = YES;
				CLANG_ENABLE_OBJC_WEAK = YES;
				CLANG_WARN_BLOCK_CAPTURE_AUTORELEASING = YES;
				CLANG_WARN_BOOL_CONVERSION = YES;
				CLANG_WARN_COMMA = YES;
				CLANG_WARN_CONSTANT_CONVERSION = YES;
				CLANG_WARN_DEPRECATED_OBJC_IMPLEMENTATIONS = YES;
				CLANG_WARN_DIRECT_OBJC_ISA_USAGE = YES_ERROR;
				CLANG_WARN_DOCUMENTATION_COMMENTS = YES;
				CLANG_WARN_EMPTY_BODY = YES;
				CLANG_WARN_ENUM_CONVERSION = YES;
				CLANG_WARN_INFINITE_RECURSION = YES;
				CLANG_WARN_INT_CONVERSION = YES;
				CLANG_WARN_NON_LITERAL_NULL_CONVERSION = YES;
				CLANG_WARN_OBJC_IMPLICIT_RETAIN_SELF = YES;
				CLANG_WARN_OBJC_LITERAL_CONVERSION = YES;
				CLANG_WARN_OBJC_ROOT_CLASS = YES_ERROR;
				CLANG_WARN_RANGE_LOOP_ANALYSIS = YES;
				CLANG_WARN_STRICT_PROTOTYPES = YES;
				CLANG_WARN_SUSPICIOUS_MOVE = YES;
				CLANG_WARN_UNGUARDED_AVAILABILITY = YES_AGGRESSIVE;
				CLANG_WARN_UNREACHABLE_CODE = YES;
				CLANG_WARN__DUPLICATE_METHOD_MATCH = YES;
				CODE_SIGN_IDENTITY = "iPhone Developer";
				COPY_PHASE_STRIP = NO;
				DEBUG_INFORMATION_FORMAT = dwarf;
				ENABLE_STRICT_OBJC_MSGSEND = YES;
				ENABLE_TESTABILITY = YES;
				GCC_C_LANGUAGE_STANDARD = gnu11;
				GCC_DYNAMIC_NO_PIC = NO;
				GCC_NO_COMMON_BLOCKS = YES;
				GCC_OPTIMIZATION_LEVEL = 0;
				GCC_PREPROCESSOR_DEFINITIONS = (
					"DEBUG=1",
					"$(inherited)",
				);
				GCC_WARN_64_TO_32_BIT_CONVERSION = YES;
				GCC_WARN_ABOUT_RETURN_TYPE = YES_ERROR;
				GCC_WARN_UNDECLARED_SELECTOR = YES;
				GCC_WARN_UNINITIALIZED_AUTOS = YES_AGGRESSIVE;
				GCC_WARN_UNUSED_FUNCTION = YES;
				GCC_WARN_UNUSED_VARIABLE = YES;
				IPHONEOS_DEPLOYMENT_TARGET = 12.1;
				MTL_ENABLE_DEBUG_INFO = INCLUDE_SOURCE;
				MTL_FAST_MATH = YES;
				ONLY_ACTIVE_ARCH = YES;
				SDKROOT = iphoneos;
				SWIFT_ACTIVE_COMPILATION_CONDITIONS = DEBUG;
				SWIFT_OPTIMIZATION_LEVEL = "-Onone";
			};
			name = Debug;
		};
		921ECBFD21A54D26005C3302 /* Release */ = {
			isa = XCBuildConfiguration;
			buildSettings = {
				ALWAYS_SEARCH_USER_PATHS = NO;
				CLANG_ANALYZER_NONNULL = YES;
				CLANG_ANALYZER_NUMBER_OBJECT_CONVERSION = YES_AGGRESSIVE;
				CLANG_CXX_LANGUAGE_STANDARD = "gnu++14";
				CLANG_CXX_LIBRARY = "libc++";
				CLANG_ENABLE_MODULES = YES;
				CLANG_ENABLE_OBJC_ARC = YES;
				CLANG_ENABLE_OBJC_WEAK = YES;
				CLANG_WARN_BLOCK_CAPTURE_AUTORELEASING = YES;
				CLANG_WARN_BOOL_CONVERSION = YES;
				CLANG_WARN_COMMA = YES;
				CLANG_WARN_CONSTANT_CONVERSION = YES;
				CLANG_WARN_DEPRECATED_OBJC_IMPLEMENTATIONS = YES;
				CLANG_WARN_DIRECT_OBJC_ISA_USAGE = YES_ERROR;
				CLANG_WARN_DOCUMENTATION_COMMENTS = YES;
				CLANG_WARN_EMPTY_BODY = YES;
				CLANG_WARN_ENUM_CONVERSION = YES;
				CLANG_WARN_INFINITE_RECURSION = YES;
				CLANG_WARN_INT_CONVERSION = YES;
				CLANG_WARN_NON_LITERAL_NULL_CONVERSION = YES;
				CLANG_WARN_OBJC_IMPLICIT_RETAIN_SELF = YES;
				CLANG_WARN_OBJC_LITERAL_CONVERSION = YES;
				CLANG_WARN_OBJC_ROOT_CLASS = YES_ERROR;
				CLANG_WARN_RANGE_LOOP_ANALYSIS = YES;
				CLANG_WARN_STRICT_PROTOTYPES = YES;
				CLANG_WARN_SUSPICIOUS_MOVE = YES;
				CLANG_WARN_UNGUARDED_AVAILABILITY = YES_AGGRESSIVE;
				CLANG_WARN_UNREACHABLE_CODE = YES;
				CLANG_WARN__DUPLICATE_METHOD_MATCH = YES;
				CODE_SIGN_IDENTITY = "iPhone Developer";
				COPY_PHASE_STRIP = NO;
				DEBUG_INFORMATION_FORMAT = "dwarf-with-dsym";
				ENABLE_NS_ASSERTIONS = NO;
				ENABLE_STRICT_OBJC_MSGSEND = YES;
				GCC_C_LANGUAGE_STANDARD = gnu11;
				GCC_NO_COMMON_BLOCKS = YES;
				GCC_WARN_64_TO_32_BIT_CONVERSION = YES;
				GCC_WARN_ABOUT_RETURN_TYPE = YES_ERROR;
				GCC_WARN_UNDECLARED_SELECTOR = YES;
				GCC_WARN_UNINITIALIZED_AUTOS = YES_AGGRESSIVE;
				GCC_WARN_UNUSED_FUNCTION = YES;
				GCC_WARN_UNUSED_VARIABLE = YES;
				IPHONEOS_DEPLOYMENT_TARGET = 12.1;
				MTL_ENABLE_DEBUG_INFO = NO;
				MTL_FAST_MATH = YES;
				SDKROOT = iphoneos;
				SWIFT_COMPILATION_MODE = wholemodule;
				SWIFT_OPTIMIZATION_LEVEL = "-O";
				VALIDATE_PRODUCT = YES;
			};
			name = Release;
		};
		921ECBFF21A54D26005C3302 /* Debug */ = {
			isa = XCBuildConfiguration;
			buildSettings = {
				ASSETCATALOG_COMPILER_APPICON_NAME = AppIcon;
				CLANG_ENABLE_MODULES = YES;
				CODE_SIGN_STYLE = Automatic;
				DEVELOPMENT_TEAM = XF97PQ92TL;
				FRAMEWORK_SEARCH_PATHS = (
					"$(inherited)",
					"$(PROJECT_DIR)",
				);
				INFOPLIST_FILE = MoeGirlsGo/Info.plist;
				LD_RUNPATH_SEARCH_PATHS = (
					"$(inherited)",
					"@executable_path/Frameworks",
				);
				OTHER_LDFLAGS = "-ObjC";
				PRODUCT_BUNDLE_IDENTIFIER = AldebaRain.MoeGirlsGo;
				PRODUCT_NAME = "$(TARGET_NAME)";
				SWIFT_OBJC_BRIDGING_HEADER = "MoeGirlsGo/MoeGirlsGo-Bridging-Header.h";
				SWIFT_OPTIMIZATION_LEVEL = "-Onone";
				SWIFT_VERSION = 4.2;
				TARGETED_DEVICE_FAMILY = "1,2";
			};
			name = Debug;
		};
		921ECC0021A54D26005C3302 /* Release */ = {
			isa = XCBuildConfiguration;
			buildSettings = {
				ASSETCATALOG_COMPILER_APPICON_NAME = AppIcon;
				CLANG_ENABLE_MODULES = YES;
				CODE_SIGN_STYLE = Automatic;
				DEVELOPMENT_TEAM = XF97PQ92TL;
				FRAMEWORK_SEARCH_PATHS = (
					"$(inherited)",
					"$(PROJECT_DIR)",
				);
				INFOPLIST_FILE = MoeGirlsGo/Info.plist;
				LD_RUNPATH_SEARCH_PATHS = (
					"$(inherited)",
					"@executable_path/Frameworks",
				);
				OTHER_LDFLAGS = "-ObjC";
				PRODUCT_BUNDLE_IDENTIFIER = AldebaRain.MoeGirlsGo;
				PRODUCT_NAME = "$(TARGET_NAME)";
				SWIFT_OBJC_BRIDGING_HEADER = "MoeGirlsGo/MoeGirlsGo-Bridging-Header.h";
				SWIFT_VERSION = 4.2;
				TARGETED_DEVICE_FAMILY = "1,2";
			};
			name = Release;
		};
/* End XCBuildConfiguration section */

/* Begin XCConfigurationList section */
		921ECBE721A54D1C005C3302 /* Build configuration list for PBXProject "MoeGirlsGo" */ = {
			isa = XCConfigurationList;
			buildConfigurations = (
				921ECBFC21A54D26005C3302 /* Debug */,
				921ECBFD21A54D26005C3302 /* Release */,
			);
			defaultConfigurationIsVisible = 0;
			defaultConfigurationName = Release;
		};
		921ECBFE21A54D26005C3302 /* Build configuration list for PBXNativeTarget "MoeGirlsGo" */ = {
			isa = XCConfigurationList;
			buildConfigurations = (
				921ECBFF21A54D26005C3302 /* Debug */,
				921ECC0021A54D26005C3302 /* Release */,
			);
			defaultConfigurationIsVisible = 0;
			defaultConfigurationName = Release;
		};
/* End XCConfigurationList section */
	};
	rootObject = 921ECBE421A54D1C005C3302 /* Project object */;
}
